
Microsoft Visual Studio Solution File, Format Version 12.00
# Visual Studio Version 17
VisualStudioVersion = 17.2.32526.322
MinimumVisualStudioVersion = 10.0.40219.1
Project("{2150E333-8FDC-42A3-9474-1A3956D46DE8}") = "1 - EntryPoints", "1 - EntryPoints", "{C303FD28-EAC8-4A5A-ABB1-A2E61D35E7E3}"
EndProject
Project("{2150E333-8FDC-42A3-9474-1A3956D46DE8}") = "2 - Application", "2 - Application", "{89790C3A-7D41-4F4B-9CC3-ABAD70F822B3}"
EndProject
Project("{2150E333-8FDC-42A3-9474-1A3956D46DE8}") = "5 -Tests", "5 -Tests", "{61F29182-BFC6-4149-B33C-7A6D9D2D2FFA}"
EndProject
Project("{2150E333-8FDC-42A3-9474-1A3956D46DE8}") = "4 -Infra", "4 -Infra", "{138AC35B-E10D-4F92-BC45-18E0FB290107}"
EndProject
Project("{9A19103F-16F7-4668-BE54-9A1E7A4F7556}") = "App.Test", "src\App.Test\App.Test.csproj", "{E0CABE9B-134B-4763-B695-96A26B1008CB}"
EndProject
Project("{9A19103F-16F7-4668-BE54-9A1E7A4F7556}") = "App.BDD", "src\App.BDD\App.BDD.csproj", "{D6BA168D-34BC-405A-A4B4-9BDD5D5071CB}"
EndProject
Project("{9A19103F-16F7-4668-BE54-9A1E7A4F7556}") = "App.Infra.CrossCutting.IoC", "src\App.Infra.CrossCutting.IoC\App.Infra.CrossCutting.IoC.csproj", "{B36DBA52-3CCE-405E-94F7-327EC3121C7B}"
EndProject
Project("{9A19103F-16F7-4668-BE54-9A1E7A4F7556}") = "App.Application", "src\App.Application\App.Application.csproj", "{3AF9B826-F284-432C-BCBF-B2A781C5E5C4}"
EndProject
Project("{9A19103F-16F7-4668-BE54-9A1E7A4F7556}") = "App.Web", "src\App.Web\App.Web.csproj", "{7B252CBD-E9C7-4F4E-B747-604DFF7D3B7F}"
EndProject
Global
	GlobalSection(SolutionConfigurationPlatforms) = preSolution
		Debug|Any CPU = Debug|Any CPU
		Release|Any CPU = Release|Any CPU
	EndGlobalSection
	GlobalSection(ProjectConfigurationPlatforms) = postSolution
		{E0CABE9B-134B-4763-B695-96A26B1008CB}.Debug|Any CPU.ActiveCfg = Debug|Any CPU
		{E0CABE9B-134B-4763-B695-96A26B1008CB}.Debug|Any CPU.Build.0 = Debug|Any CPU
		{E0CABE9B-134B-4763-B695-96A26B1008CB}.Release|Any CPU.ActiveCfg = Release|Any CPU
		{E0CABE9B-134B-4763-B695-96A26B1008CB}.Release|Any CPU.Build.0 = Release|Any CPU
		{D6BA168D-34BC-405A-A4B4-9BDD5D5071CB}.Debug|Any CPU.ActiveCfg = Debug|Any CPU
		{D6BA168D-34BC-405A-A4B4-9BDD5D5071CB}.Debug|Any CPU.Build.0 = Debug|Any CPU
		{D6BA168D-34BC-405A-A4B4-9BDD5D5071CB}.Release|Any CPU.ActiveCfg = Release|Any CPU
		{D6BA168D-34BC-405A-A4B4-9BDD5D5071CB}.Release|Any CPU.Build.0 = Release|Any CPU
		{B36DBA52-3CCE-405E-94F7-327EC3121C7B}.Debug|Any CPU.ActiveCfg = Debug|Any CPU
		{B36DBA52-3CCE-405E-94F7-327EC3121C7B}.Debug|Any CPU.Build.0 = Debug|Any CPU
		{B36DBA52-3CCE-405E-94F7-327EC3121C7B}.Release|Any CPU.ActiveCfg = Release|Any CPU
		{B36DBA52-3CCE-405E-94F7-327EC3121C7B}.Release|Any CPU.Build.0 = Release|Any CPU
		{3AF9B826-F284-432C-BCBF-B2A781C5E5C4}.Debug|Any CPU.ActiveCfg = Debug|Any CPU
		{3AF9B826-F284-432C-BCBF-B2A781C5E5C4}.Debug|Any CPU.Build.0 = Debug|Any CPU
		{3AF9B826-F284-432C-BCBF-B2A781C5E5C4}.Release|Any CPU.ActiveCfg = Release|Any CPU
		{3AF9B826-F284-432C-BCBF-B2A781C5E5C4}.Release|Any CPU.Build.0 = Release|Any CPU
		{7B252CBD-E9C7-4F4E-B747-604DFF7D3B7F}.Debug|Any CPU.ActiveCfg = Debug|Any CPU
		{7B252CBD-E9C7-4F4E-B747-604DFF7D3B7F}.Debug|Any CPU.Build.0 = Debug|Any CPU
		{7B252CBD-E9C7-4F4E-B747-604DFF7D3B7F}.Release|Any CPU.ActiveCfg = Release|Any CPU
		{7B252CBD-E9C7-4F4E-B747-604DFF7D3B7F}.Release|Any CPU.Build.0 = Release|Any CPU
	EndGlobalSection
	GlobalSection(SolutionProperties) = preSolution
		HideSolutionNode = FALSE
	EndGlobalSection
	GlobalSection(NestedProjects) = preSolution
		{E0CABE9B-134B-4763-B695-96A26B1008CB} = {61F29182-BFC6-4149-B33C-7A6D9D2D2FFA}
		{D6BA168D-34BC-405A-A4B4-9BDD5D5071CB} = {61F29182-BFC6-4149-B33C-7A6D9D2D2FFA}
		{B36DBA52-3CCE-405E-94F7-327EC3121C7B} = {138AC35B-E10D-4F92-BC45-18E0FB290107}
		{3AF9B826-F284-432C-BCBF-B2A781C5E5C4} = {89790C3A-7D41-4F4B-9CC3-ABAD70F822B3}
		{7B252CBD-E9C7-4F4E-B747-604DFF7D3B7F} = {C303FD28-EAC8-4A5A-ABB1-A2E61D35E7E3}
	EndGlobalSection
	GlobalSection(ExtensibilityGlobals) = postSolution
		SolutionGuid = {2CE5C7A5-13A9-490A-8B85-6AC436966BE9}
	EndGlobalSection
EndGlobal
